
Microsoft Visual Studio Solution File, Format Version 12.00
# Visual Studio Version 16
VisualStudioVersion = 16.0.31019.35
MinimumVisualStudioVersion = 10.0.40219.1
Project("{FAE04EC0-301F-11D3-BF4B-00C04F79EFBC}") = "Entities", "Entities\Entities.csproj", "{047C1FB2-EE86-4AF3-B995-E4FE02B3FFC9}"
EndProject
Project("{FAE04EC0-301F-11D3-BF4B-00C04F79EFBC}") = "Business", "Business\Business.csproj", "{A664183F-40F9-4DBC-90A9-1A900BDD535E}"
EndProject
Project("{FAE04EC0-301F-11D3-BF4B-00C04F79EFBC}") = "DataAccess", "DataAccess\DataAccess.csproj", "{83B28C4A-FCA2-4326-ACA7-21975F297E9B}"
EndProject
Project("{FAE04EC0-301F-11D3-BF4B-00C04F79EFBC}") = "ConsoleUI", "ConsoleUI\ConsoleUI.csproj", "{00C571AD-E739-4FCB-BC86-CB1BA885420A}"
EndProject
Global
	GlobalSection(SolutionConfigurationPlatforms) = preSolution
		Debug|Any CPU = Debug|Any CPU
		Release|Any CPU = Release|Any CPU
	EndGlobalSection
	GlobalSection(ProjectConfigurationPlatforms) = postSolution
		{047C1FB2-EE86-4AF3-B995-E4FE02B3FFC9}.Debug|Any CPU.ActiveCfg = Debug|Any CPU
		{047C1FB2-EE86-4AF3-B995-E4FE02B3FFC9}.Debug|Any CPU.Build.0 = Debug|Any CPU
		{047C1FB2-EE86-4AF3-B995-E4FE02B3FFC9}.Release|Any CPU.ActiveCfg = Release|Any CPU
		{047C1FB2-EE86-4AF3-B995-E4FE02B3FFC9}.Release|Any CPU.Build.0 = Release|Any CPU
		{A664183F-40F9-4DBC-90A9-1A900BDD535E}.Debug|Any CPU.ActiveCfg = Debug|Any CPU
		{A664183F-40F9-4DBC-90A9-1A900BDD535E}.Debug|Any CPU.Build.0 = Debug|Any CPU
		{A664183F-40F9-4DBC-90A9-1A900BDD535E}.Release|Any CPU.ActiveCfg = Release|Any CPU
		{A664183F-40F9-4DBC-90A9-1A900BDD535E}.Release|Any CPU.Build.0 = Release|Any CPU
		{83B28C4A-FCA2-4326-ACA7-21975F297E9B}.Debug|Any CPU.ActiveCfg = Debug|Any CPU
		{83B28C4A-FCA2-4326-ACA7-21975F297E9B}.Debug|Any CPU.Build.0 = Debug|Any CPU
		{83B28C4A-FCA2-4326-ACA7-21975F297E9B}.Release|Any CPU.ActiveCfg = Release|Any CPU
		{83B28C4A-FCA2-4326-ACA7-21975F297E9B}.Release|Any CPU.Build.0 = Release|Any CPU
		{00C571AD-E739-4FCB-BC86-CB1BA885420A}.Debug|Any CPU.ActiveCfg = Debug|Any CPU
		{00C571AD-E739-4FCB-BC86-CB1BA885420A}.Debug|Any CPU.Build.0 = Debug|Any CPU
		{00C571AD-E739-4FCB-BC86-CB1BA885420A}.Release|Any CPU.ActiveCfg = Release|Any CPU
		{00C571AD-E739-4FCB-BC86-CB1BA885420A}.Release|Any CPU.Build.0 = Release|Any CPU
	EndGlobalSection
	GlobalSection(SolutionProperties) = preSolution
		HideSolutionNode = FALSE
	EndGlobalSection
	GlobalSection(ExtensibilityGlobals) = postSolution
		SolutionGuid = {67FE93F6-69FF-4888-A9C0-4ED84F2D5E75}
	EndGlobalSection
EndGlobal
